
Microsoft Visual Studio Solution File, Format Version 12.00
# Visual Studio 2013
VisualStudioVersion = 12.0.40629.0
MinimumVisualStudioVersion = 10.0.40219.1
Project("{151D2E53-A2C4-4D7D-83FE-D05416EHD68E}") = "HDInsightKafkaHadoop", "HDInsightKafkaHadoop.deployproj", "{B184F7E6-9E57-4B63-B747-07BB97B40737}"
EndProject
Global
	GlobalSection(SolutionConfigurationPlatforms) = preSolution
		Debug|Any CPU = Debug|Any CPU
		Release|Any CPU = Release|Any CPU
	EndGlobalSection
	GlobalSection(ProjectConfigurationPlatforms) = postSolution
		{B184F7E6-9E57-4B63-B747-07BB97B40737}.Debug|Any CPU.ActiveCfg = Debug|Any CPU
		{B184F7E6-9E57-4B63-B747-07BB97B40737}.Debug|Any CPU.Build.0 = Debug|Any CPU
		{B184F7E6-9E57-4B63-B747-07BB97B40737}.Release|Any CPU.ActiveCfg = Release|Any CPU
		{B184F7E6-9E57-4B63-B747-07BB97B40737}.Release|Any CPU.Build.0 = Release|Any CPU
	EndGlobalSection
	GlobalSection(SolutionProperties) = preSolution
		HideSolutionNode = FALSE
	EndGlobalSection
EndGlobal
