
Microsoft Visual Studio Solution File, Format Version 12.00
# Visual Studio 2013
VisualStudioVersion = 12.0.40629.0
MinimumVisualStudioVersion = 10.0.40219.1
Project("{151D2E53-A2C4-4D7D-83FE-D05416EBD58E}") = "HDInsightKafkaStormSpark", "HDInsightKafkaStormSpark.deployproj", "{9F03A02F-C75F-420A-998C-AB9F5B4DB9FF}"
EndProject
Global
	GlobalSection(SolutionConfigurationPlatforms) = preSolution
		Debug|Any CPU = Debug|Any CPU
		Release|Any CPU = Release|Any CPU
	EndGlobalSection
	GlobalSection(ProjectConfigurationPlatforms) = postSolution
		{9F03A02F-C75F-420A-998C-AB9F5B4DB9FF}.Debug|Any CPU.ActiveCfg = Debug|Any CPU
		{9F03A02F-C75F-420A-998C-AB9F5B4DB9FF}.Debug|Any CPU.Build.0 = Debug|Any CPU
		{9F03A02F-C75F-420A-998C-AB9F5B4DB9FF}.Release|Any CPU.ActiveCfg = Release|Any CPU
		{9F03A02F-C75F-420A-998C-AB9F5B4DB9FF}.Release|Any CPU.Build.0 = Release|Any CPU
	EndGlobalSection
	GlobalSection(SolutionProperties) = preSolution
		HideSolutionNode = FALSE
	EndGlobalSection
EndGlobal
